// !$*UTF8*$!
{
	archiveVersion = 1;
	classes = {
	};
	objectVersion = 46;
	objects = {

/* Begin PBXBuildFile section */
		062DFBF61CB3AE7000F34022 /* AppDelegate.swift in Sources */ = {isa = PBXBuildFile; fileRef = 062DFBF51CB3AE7000F34022 /* AppDelegate.swift */; };
		062DFBF81CB3AE7000F34022 /* ViewController.swift in Sources */ = {isa = PBXBuildFile; fileRef = 062DFBF71CB3AE7000F34022 /* ViewController.swift */; };
		062DFBFB1CB3AE7000F34022 /* Main.storyboard in Resources */ = {isa = PBXBuildFile; fileRef = 062DFBF91CB3AE7000F34022 /* Main.storyboard */; };
		062DFBFD1CB3AE7000F34022 /* Assets.xcassets in Resources */ = {isa = PBXBuildFile; fileRef = 062DFBFC1CB3AE7000F34022 /* Assets.xcassets */; };
		062DFC001CB3AE7000F34022 /* LaunchScreen.storyboard in Resources */ = {isa = PBXBuildFile; fileRef = 062DFBFE1CB3AE7000F34022 /* LaunchScreen.storyboard */; };
		062DFC081CB3B16600F34022 /* PlayersViewController.swift in Sources */ = {isa = PBXBuildFile; fileRef = 062DFC071CB3B16600F34022 /* PlayersViewController.swift */; };
		062DFC0A1CB3B20700F34022 /* Player.swift in Sources */ = {isa = PBXBuildFile; fileRef = 062DFC091CB3B20700F34022 /* Player.swift */; };
		062DFC0C1CB3B2D700F34022 /* SampleData.swift in Sources */ = {isa = PBXBuildFile; fileRef = 062DFC0B1CB3B2D700F34022 /* SampleData.swift */; };
		062DFC0E1CB3BDCB00F34022 /* PlayerCell.swift in Sources */ = {isa = PBXBuildFile; fileRef = 062DFC0D1CB3BDCB00F34022 /* PlayerCell.swift */; };
/* End PBXBuildFile section */

/* Begin PBXFileReference section */
		062DFBF21CB3AE7000F34022 /* Ratings.app */ = {isa = PBXFileReference; explicitFileType = wrapper.application; includeInIndex = 0; path = Ratings.app; sourceTree = BUILT_PRODUCTS_DIR; };
		062DFBF51CB3AE7000F34022 /* AppDelegate.swift */ = {isa = PBXFileReference; lastKnownFileType = sourcecode.swift; path = AppDelegate.swift; sourceTree = "<group>"; };
		062DFBF71CB3AE7000F34022 /* ViewController.swift */ = {isa = PBXFileReference; lastKnownFileType = sourcecode.swift; path = ViewController.swift; sourceTree = "<group>"; };
		062DFBFA1CB3AE7000F34022 /* Base */ = {isa = PBXFileReference; lastKnownFileType = file.storyboard; name = Base; path = Base.lproj/Main.storyboard; sourceTree = "<group>"; };
		062DFBFC1CB3AE7000F34022 /* Assets.xcassets */ = {isa = PBXFileReference; lastKnownFileType = folder.assetcatalog; path = Assets.xcassets; sourceTree = "<group>"; };
		062DFBFF1CB3AE7000F34022 /* Base */ = {isa = PBXFileReference; lastKnownFileType = file.storyboard; name = Base; path = Base.lproj/LaunchScreen.storyboard; sourceTree = "<group>"; };
		062DFC011CB3AE7000F34022 /* Info.plist */ = {isa = PBXFileReference; lastKnownFileType = text.plist.xml; path = Info.plist; sourceTree = "<group>"; };
		062DFC071CB3B16600F34022 /* PlayersViewController.swift */ = {isa = PBXFileReference; fileEncoding = 4; lastKnownFileType = sourcecode.swift; path = PlayersViewController.swift; sourceTree = "<group>"; };
		062DFC091CB3B20700F34022 /* Player.swift */ = {isa = PBXFileReference; fileEncoding = 4; lastKnownFileType = sourcecode.swift; path = Player.swift; sourceTree = "<group>"; };
		062DFC0B1CB3B2D700F34022 /* SampleData.swift */ = {isa = PBXFileReference; fileEncoding = 4; lastKnownFileType = sourcecode.swift; path = SampleData.swift; sourceTree = "<group>"; };
		062DFC0D1CB3BDCB00F34022 /* PlayerCell.swift */ = {isa = PBXFileReference; fileEncoding = 4; lastKnownFileType = sourcecode.swift; path = PlayerCell.swift; sourceTree = "<group>"; };
/* End PBXFileReference section */

/* Begin PBXFrameworksBuildPhase section */
		062DFBEF1CB3AE7000F34022 /* Frameworks */ = {
			isa = PBXFrameworksBuildPhase;
			buildActionMask = 2147483647;
			files = (
			);
			runOnlyForDeploymentPostprocessing = 0;
		};
/* End PBXFrameworksBuildPhase section */

/* Begin PBXGroup section */
		062DFBE91CB3AE7000F34022 = {
			isa = PBXGroup;
			children = (
				062DFBF41CB3AE7000F34022 /* Ratings */,
				062DFBF31CB3AE7000F34022 /* Products */,
			);
			sourceTree = "<group>";
		};
		062DFBF31CB3AE7000F34022 /* Products */ = {
			isa = PBXGroup;
			children = (
				062DFBF21CB3AE7000F34022 /* Ratings.app */,
			);
			name = Products;
			sourceTree = "<group>";
		};
		062DFBF41CB3AE7000F34022 /* Ratings */ = {
			isa = PBXGroup;
			children = (
				062DFBF51CB3AE7000F34022 /* AppDelegate.swift */,
				062DFBF71CB3AE7000F34022 /* ViewController.swift */,
				062DFBF91CB3AE7000F34022 /* Main.storyboard */,
				062DFC0D1CB3BDCB00F34022 /* PlayerCell.swift */,
				062DFC071CB3B16600F34022 /* PlayersViewController.swift */,
				062DFC091CB3B20700F34022 /* Player.swift */,
				062DFC0B1CB3B2D700F34022 /* SampleData.swift */,
				062DFBFC1CB3AE7000F34022 /* Assets.xcassets */,
				062DFBFE1CB3AE7000F34022 /* LaunchScreen.storyboard */,
				062DFC011CB3AE7000F34022 /* Info.plist */,
			);
			path = Ratings;
			sourceTree = "<group>";
		};
/* End PBXGroup section */

/* Begin PBXNativeTarget section */
		062DFBF11CB3AE7000F34022 /* Ratings */ = {
			isa = PBXNativeTarget;
			buildConfigurationList = 062DFC041CB3AE7000F34022 /* Build configuration list for PBXNativeTarget "Ratings" */;
			buildPhases = (
				062DFBEE1CB3AE7000F34022 /* Sources */,
				062DFBEF1CB3AE7000F34022 /* Frameworks */,
				062DFBF01CB3AE7000F34022 /* Resources */,
			);
			buildRules = (
			);
			dependencies = (
			);
			name = Ratings;
			productName = Ratings;
			productReference = 062DFBF21CB3AE7000F34022 /* Ratings.app */;
			productType = "com.apple.product-type.application";
		};
/* End PBXNativeTarget section */

/* Begin PBXProject section */
		062DFBEA1CB3AE7000F34022 /* Project object */ = {
			isa = PBXProject;
			attributes = {
				LastSwiftUpdateCheck = 0730;
				LastUpgradeCheck = 0730;
				ORGANIZATIONNAME = Tisoga;
				TargetAttributes = {
					062DFBF11CB3AE7000F34022 = {
						CreatedOnToolsVersion = 7.3;
						DevelopmentTeam = 5W8QAC8Z64;
					};
				};
			};
			buildConfigurationList = 062DFBED1CB3AE7000F34022 /* Build configuration list for PBXProject "Ratings" */;
			compatibilityVersion = "Xcode 3.2";
			developmentRegion = English;
			hasScannedForEncodings = 0;
			knownRegions = (
				en,
				Base,
			);
			mainGroup = 062DFBE91CB3AE7000F34022;
			productRefGroup = 062DFBF31CB3AE7000F34022 /* Products */;
			projectDirPath = "";
			projectRoot = "";
			targets = (
				062DFBF11CB3AE7000F34022 /* Ratings */,
			);
		};
/* End PBXProject section */

/* Begin PBXResourcesBuildPhase section */
		062DFBF01CB3AE7000F34022 /* Resources */ = {
			isa = PBXResourcesBuildPhase;
			buildActionMask = 2147483647;
			files = (
				062DFC001CB3AE7000F34022 /* LaunchScreen.storyboard in Resources */,
				062DFBFD1CB3AE7000F34022 /* Assets.xcassets in Resources */,
				062DFBFB1CB3AE7000F34022 /* Main.storyboard in Resources */,
			);
			runOnlyForDeploymentPostprocessing = 0;
		};
/* End PBXResourcesBuildPhase section */

/* Begin PBXSourcesBuildPhase section */
		062DFBEE1CB3AE7000F34022 /* Sources */ = {
			isa = PBXSourcesBuildPhase;
			buildActionMask = 2147483647;
			files = (
				062DFC0E1CB3BDCB00F34022 /* PlayerCell.swift in Sources */,
				062DFC0A1CB3B20700F34022 /* Player.swift in Sources */,
				062DFBF81CB3AE7000F34022 /* ViewController.swift in Sources */,
				062DFBF61CB3AE7000F34022 /* AppDelegate.swift in Sources */,
				062DFC0C1CB3B2D700F34022 /* SampleData.swift in Sources */,
				062DFC081CB3B16600F34022 /* PlayersViewController.swift in Sources */,
			);
			runOnlyForDeploymentPostprocessing = 0;
		};
/* End PBXSourcesBuildPhase section */

/* Begin PBXVariantGroup section */
		062DFBF91CB3AE7000F34022 /* Main.storyboard */ = {
			isa = PBXVariantGroup;
			children = (
				062DFBFA1CB3AE7000F34022 /* Base */,
			);
			name = Main.storyboard;
			sourceTree = "<group>";
		};
		062DFBFE1CB3AE7000F34022 /* LaunchScreen.storyboard */ = {
			isa = PBXVariantGroup;
			children = (
				062DFBFF1CB3AE7000F34022 /* Base */,
			);
			name = LaunchScreen.storyboard;
			sourceTree = "<group>";
		};
/* End PBXVariantGroup section */

/* Begin XCBuildConfiguration section */
		062DFC021CB3AE7000F34022 /* Debug */ = {
			isa = XCBuildConfiguration;
			buildSettings = {
				ALWAYS_SEARCH_USER_PATHS = NO;
				CLANG_ANALYZER_NONNULL = YES;
				CLANG_CXX_LANGUAGE_STANDARD = "gnu++0x";
				CLANG_CXX_LIBRARY = "libc++";
				CLANG_ENABLE_MODULES = YES;
				CLANG_ENABLE_OBJC_ARC = YES;
				CLANG_WARN_BOOL_CONVERSION = YES;
				CLANG_WARN_CONSTANT_CONVERSION = YES;
				CLANG_WARN_DIRECT_OBJC_ISA_USAGE = YES_ERROR;
				CLANG_WARN_EMPTY_BODY = YES;
				CLANG_WARN_ENUM_CONVERSION = YES;
				CLANG_WARN_INT_CONVERSION = YES;
				CLANG_WARN_OBJC_ROOT_CLASS = YES_ERROR;
				CLANG_WARN_UNREACHABLE_CODE = YES;
				CLANG_WARN__DUPLICATE_METHOD_MATCH = YES;
				"CODE_SIGN_IDENTITY[sdk=iphoneos*]" = "iPhone Developer";
				COPY_PHASE_STRIP = NO;
				DEBUG_INFORMATION_FORMAT = dwarf;
				ENABLE_STRICT_OBJC_MSGSEND = YES;
				ENABLE_TESTABILITY = YES;
				GCC_C_LANGUAGE_STANDARD = gnu99;
				GCC_DYNAMIC_NO_PIC = NO;
				GCC_NO_COMMON_BLOCKS = YES;
				GCC_OPTIMIZATION_LEVEL = 0;
				GCC_PREPROCESSOR_DEFINITIONS = (
					"DEBUG=1",
					"$(inherited)",
				);
				GCC_WARN_64_TO_32_BIT_CONVERSION = YES;
				GCC_WARN_ABOUT_RETURN_TYPE = YES_ERROR;
				GCC_WARN_UNDECLARED_SELECTOR = YES;
				GCC_WARN_UNINITIALIZED_AUTOS = YES_AGGRESSIVE;
				GCC_WARN_UNUSED_FUNCTION = YES;
				GCC_WARN_UNUSED_VARIABLE = YES;
				IPHONEOS_DEPLOYMENT_TARGET = 9.3;
				MTL_ENABLE_DEBUG_INFO = YES;
				ONLY_ACTIVE_ARCH = YES;
				SDKROOT = iphoneos;
				SWIFT_OPTIMIZATION_LEVEL = "-Onone";
			};
			name = Debug;
		};
		062DFC031CB3AE7000F34022 /* Release */ = {
			isa = XCBuildConfiguration;
			buildSettings = {
				ALWAYS_SEARCH_USER_PATHS = NO;
				CLANG_ANALYZER_NONNULL = YES;
				CLANG_CXX_LANGUAGE_STANDARD = "gnu++0x";
				CLANG_CXX_LIBRARY = "libc++";
				CLANG_ENABLE_MODULES = YES;
				CLANG_ENABLE_OBJC_ARC = YES;
				CLANG_WARN_BOOL_CONVERSION = YES;
				CLANG_WARN_CONSTANT_CONVERSION = YES;
				CLANG_WARN_DIRECT_OBJC_ISA_USAGE = YES_ERROR;
				CLANG_WARN_EMPTY_BODY = YES;
				CLANG_WARN_ENUM_CONVERSION = YES;
				CLANG_WARN_INT_CONVERSION = YES;
				CLANG_WARN_OBJC_ROOT_CLASS = YES_ERROR;
				CLANG_WARN_UNREACHABLE_CODE = YES;
				CLANG_WARN__DUPLICATE_METHOD_MATCH = YES;
				"CODE_SIGN_IDENTITY[sdk=iphoneos*]" = "iPhone Developer";
				COPY_PHASE_STRIP = NO;
				DEBUG_INFORMATION_FORMAT = "dwarf-with-dsym";
				ENABLE_NS_ASSERTIONS = NO;
				ENABLE_STRICT_OBJC_MSGSEND = YES;
				GCC_C_LANGUAGE_STANDARD = gnu99;
				GCC_NO_COMMON_BLOCKS = YES;
				GCC_WARN_64_TO_32_BIT_CONVERSION = YES;
				GCC_WARN_ABOUT_RETURN_TYPE = YES_ERROR;
				GCC_WARN_UNDECLARED_SELECTOR = YES;
				GCC_WARN_UNINITIALIZED_AUTOS = YES_AGGRESSIVE;
				GCC_WARN_UNUSED_FUNCTION = YES;
				GCC_WARN_UNUSED_VARIABLE = YES;
				IPHONEOS_DEPLOYMENT_TARGET = 9.3;
				MTL_ENABLE_DEBUG_INFO = NO;
				SDKROOT = iphoneos;
				VALIDATE_PRODUCT = YES;
			};
			name = Release;
		};
		062DFC051CB3AE7000F34022 /* Debug */ = {
			isa = XCBuildConfiguration;
			buildSettings = {
				ASSETCATALOG_COMPILER_APPICON_NAME = AppIcon;
				INFOPLIST_FILE = Ratings/Info.plist;
				IPHONEOS_DEPLOYMENT_TARGET = 9.2;
				LD_RUNPATH_SEARCH_PATHS = "$(inherited) @executable_path/Frameworks";
				PRODUCT_BUNDLE_IDENTIFIER = com.forrestchang.Ratings;
				PRODUCT_NAME = "$(TARGET_NAME)";
			};
			name = Debug;
		};
		062DFC061CB3AE7000F34022 /* Release */ = {
			isa = XCBuildConfiguration;
			buildSettings = {
				ASSETCATALOG_COMPILER_APPICON_NAME = AppIcon;
				INFOPLIST_FILE = Ratings/Info.plist;
				IPHONEOS_DEPLOYMENT_TARGET = 9.2;
				LD_RUNPATH_SEARCH_PATHS = "$(inherited) @executable_path/Frameworks";
				PRODUCT_BUNDLE_IDENTIFIER = com.forrestchang.Ratings;
				PRODUCT_NAME = "$(TARGET_NAME)";
			};
			name = Release;
		};
/* End XCBuildConfiguration section */

/* Begin XCConfigurationList section */
		062DFBED1CB3AE7000F34022 /* Build configuration list for PBXProject "Ratings" */ = {
			isa = XCConfigurationList;
			buildConfigurations = (
				062DFC021CB3AE7000F34022 /* Debug */,
				062DFC031CB3AE7000F34022 /* Release */,
			);
			defaultConfigurationIsVisible = 0;
			defaultConfigurationName = Release;
		};
		062DFC041CB3AE7000F34022 /* Build configuration list for PBXNativeTarget "Ratings" */ = {
			isa = XCConfigurationList;
			buildConfigurations = (
				062DFC051CB3AE7000F34022 /* Debug */,
				062DFC061CB3AE7000F34022 /* Release */,
			);
			defaultConfigurationIsVisible = 0;
		};
/* End XCConfigurationList section */
	};
	rootObject = 062DFBEA1CB3AE7000F34022 /* Project object */;
}
