// !$*UTF8*$!
{
	archiveVersion = 1;
	classes = {
	};
	objectVersion = 46;
	objects = {

/* Begin PBXBuildFile section */
		06CBFC241CB64D97007FA09D /* AppDelegate.swift in Sources */ = {isa = PBXBuildFile; fileRef = 06CBFC231CB64D97007FA09D /* AppDelegate.swift */; };
		06CBFC261CB64D97007FA09D /* ViewController.swift in Sources */ = {isa = PBXBuildFile; fileRef = 06CBFC251CB64D97007FA09D /* ViewController.swift */; };
		06CBFC291CB64D97007FA09D /* Main.storyboard in Resources */ = {isa = PBXBuildFile; fileRef = 06CBFC271CB64D97007FA09D /* Main.storyboard */; };
		06CBFC2B1CB64D97007FA09D /* Assets.xcassets in Resources */ = {isa = PBXBuildFile; fileRef = 06CBFC2A1CB64D97007FA09D /* Assets.xcassets */; };
		06CBFC2E1CB64D97007FA09D /* LaunchScreen.storyboard in Resources */ = {isa = PBXBuildFile; fileRef = 06CBFC2C1CB64D97007FA09D /* LaunchScreen.storyboard */; };
/* End PBXBuildFile section */

/* Begin PBXFileReference section */
		06CBFC201CB64D97007FA09D /* Project02-iPhoneFamily.app */ = {isa = PBXFileReference; explicitFileType = wrapper.application; includeInIndex = 0; path = "Project02-iPhoneFamily.app"; sourceTree = BUILT_PRODUCTS_DIR; };
		06CBFC231CB64D97007FA09D /* AppDelegate.swift */ = {isa = PBXFileReference; lastKnownFileType = sourcecode.swift; path = AppDelegate.swift; sourceTree = "<group>"; };
		06CBFC251CB64D97007FA09D /* ViewController.swift */ = {isa = PBXFileReference; lastKnownFileType = sourcecode.swift; path = ViewController.swift; sourceTree = "<group>"; };
		06CBFC281CB64D97007FA09D /* Base */ = {isa = PBXFileReference; lastKnownFileType = file.storyboard; name = Base; path = Base.lproj/Main.storyboard; sourceTree = "<group>"; };
		06CBFC2A1CB64D97007FA09D /* Assets.xcassets */ = {isa = PBXFileReference; lastKnownFileType = folder.assetcatalog; path = Assets.xcassets; sourceTree = "<group>"; };
		06CBFC2D1CB64D97007FA09D /* Base */ = {isa = PBXFileReference; lastKnownFileType = file.storyboard; name = Base; path = Base.lproj/LaunchScreen.storyboard; sourceTree = "<group>"; };
		06CBFC2F1CB64D97007FA09D /* Info.plist */ = {isa = PBXFileReference; lastKnownFileType = text.plist.xml; path = Info.plist; sourceTree = "<group>"; };
/* End PBXFileReference section */

/* Begin PBXFrameworksBuildPhase section */
		06CBFC1D1CB64D97007FA09D /* Frameworks */ = {
			isa = PBXFrameworksBuildPhase;
			buildActionMask = 2147483647;
			files = (
			);
			runOnlyForDeploymentPostprocessing = 0;
		};
/* End PBXFrameworksBuildPhase section */

/* Begin PBXGroup section */
		06CBFC171CB64D97007FA09D = {
			isa = PBXGroup;
			children = (
				06CBFC221CB64D97007FA09D /* Project02-iPhoneFamily */,
				06CBFC211CB64D97007FA09D /* Products */,
			);
			sourceTree = "<group>";
		};
		06CBFC211CB64D97007FA09D /* Products */ = {
			isa = PBXGroup;
			children = (
				06CBFC201CB64D97007FA09D /* Project02-iPhoneFamily.app */,
			);
			name = Products;
			sourceTree = "<group>";
		};
		06CBFC221CB64D97007FA09D /* Project02-iPhoneFamily */ = {
			isa = PBXGroup;
			children = (
				06CBFC231CB64D97007FA09D /* AppDelegate.swift */,
				06CBFC251CB64D97007FA09D /* ViewController.swift */,
				06CBFC271CB64D97007FA09D /* Main.storyboard */,
				06CBFC2A1CB64D97007FA09D /* Assets.xcassets */,
				06CBFC2C1CB64D97007FA09D /* LaunchScreen.storyboard */,
				06CBFC2F1CB64D97007FA09D /* Info.plist */,
			);
			path = "Project02-iPhoneFamily";
			sourceTree = "<group>";
		};
/* End PBXGroup section */

/* Begin PBXNativeTarget section */
		06CBFC1F1CB64D97007FA09D /* Project02-iPhoneFamily */ = {
			isa = PBXNativeTarget;
			buildConfigurationList = 06CBFC321CB64D97007FA09D /* Build configuration list for PBXNativeTarget "Project02-iPhoneFamily" */;
			buildPhases = (
				06CBFC1C1CB64D97007FA09D /* Sources */,
				06CBFC1D1CB64D97007FA09D /* Frameworks */,
				06CBFC1E1CB64D97007FA09D /* Resources */,
			);
			buildRules = (
			);
			dependencies = (
			);
			name = "Project02-iPhoneFamily";
			productName = "Project02-iPhoneFamily";
			productReference = 06CBFC201CB64D97007FA09D /* Project02-iPhoneFamily.app */;
			productType = "com.apple.product-type.application";
		};
/* End PBXNativeTarget section */

/* Begin PBXProject section */
		06CBFC181CB64D97007FA09D /* Project object */ = {
			isa = PBXProject;
			attributes = {
				LastSwiftUpdateCheck = 0730;
				LastUpgradeCheck = 0730;
				ORGANIZATIONNAME = Tisoga;
				TargetAttributes = {
					06CBFC1F1CB64D97007FA09D = {
						CreatedOnToolsVersion = 7.3;
						DevelopmentTeam = 5W8QAC8Z64;
					};
				};
			};
			buildConfigurationList = 06CBFC1B1CB64D97007FA09D /* Build configuration list for PBXProject "Project02-iPhoneFamily" */;
			compatibilityVersion = "Xcode 3.2";
			developmentRegion = English;
			hasScannedForEncodings = 0;
			knownRegions = (
				en,
				Base,
			);
			mainGroup = 06CBFC171CB64D97007FA09D;
			productRefGroup = 06CBFC211CB64D97007FA09D /* Products */;
			projectDirPath = "";
			projectRoot = "";
			targets = (
				06CBFC1F1CB64D97007FA09D /* Project02-iPhoneFamily */,
			);
		};
/* End PBXProject section */

/* Begin PBXResourcesBuildPhase section */
		06CBFC1E1CB64D97007FA09D /* Resources */ = {
			isa = PBXResourcesBuildPhase;
			buildActionMask = 2147483647;
			files = (
				06CBFC2E1CB64D97007FA09D /* LaunchScreen.storyboard in Resources */,
				06CBFC2B1CB64D97007FA09D /* Assets.xcassets in Resources */,
				06CBFC291CB64D97007FA09D /* Main.storyboard in Resources */,
			);
			runOnlyForDeploymentPostprocessing = 0;
		};
/* End PBXResourcesBuildPhase section */

/* Begin PBXSourcesBuildPhase section */
		06CBFC1C1CB64D97007FA09D /* Sources */ = {
			isa = PBXSourcesBuildPhase;
			buildActionMask = 2147483647;
			files = (
				06CBFC261CB64D97007FA09D /* ViewController.swift in Sources */,
				06CBFC241CB64D97007FA09D /* AppDelegate.swift in Sources */,
			);
			runOnlyForDeploymentPostprocessing = 0;
		};
/* End PBXSourcesBuildPhase section */

/* Begin PBXVariantGroup section */
		06CBFC271CB64D97007FA09D /* Main.storyboard */ = {
			isa = PBXVariantGroup;
			children = (
				06CBFC281CB64D97007FA09D /* Base */,
			);
			name = Main.storyboard;
			sourceTree = "<group>";
		};
		06CBFC2C1CB64D97007FA09D /* LaunchScreen.storyboard */ = {
			isa = PBXVariantGroup;
			children = (
				06CBFC2D1CB64D97007FA09D /* Base */,
			);
			name = LaunchScreen.storyboard;
			sourceTree = "<group>";
		};
/* End PBXVariantGroup section */

/* Begin XCBuildConfiguration section */
		06CBFC301CB64D97007FA09D /* Debug */ = {
			isa = XCBuildConfiguration;
			buildSettings = {
				ALWAYS_SEARCH_USER_PATHS = NO;
				CLANG_ANALYZER_NONNULL = YES;
				CLANG_CXX_LANGUAGE_STANDARD = "gnu++0x";
				CLANG_CXX_LIBRARY = "libc++";
				CLANG_ENABLE_MODULES = YES;
				CLANG_ENABLE_OBJC_ARC = YES;
				CLANG_WARN_BOOL_CONVERSION = YES;
				CLANG_WARN_CONSTANT_CONVERSION = YES;
				CLANG_WARN_DIRECT_OBJC_ISA_USAGE = YES_ERROR;
				CLANG_WARN_EMPTY_BODY = YES;
				CLANG_WARN_ENUM_CONVERSION = YES;
				CLANG_WARN_INT_CONVERSION = YES;
				CLANG_WARN_OBJC_ROOT_CLASS = YES_ERROR;
				CLANG_WARN_UNREACHABLE_CODE = YES;
				CLANG_WARN__DUPLICATE_METHOD_MATCH = YES;
				"CODE_SIGN_IDENTITY[sdk=iphoneos*]" = "iPhone Developer";
				COPY_PHASE_STRIP = NO;
				DEBUG_INFORMATION_FORMAT = dwarf;
				ENABLE_STRICT_OBJC_MSGSEND = YES;
				ENABLE_TESTABILITY = YES;
				GCC_C_LANGUAGE_STANDARD = gnu99;
				GCC_DYNAMIC_NO_PIC = NO;
				GCC_NO_COMMON_BLOCKS = YES;
				GCC_OPTIMIZATION_LEVEL = 0;
				GCC_PREPROCESSOR_DEFINITIONS = (
					"DEBUG=1",
					"$(inherited)",
				);
				GCC_WARN_64_TO_32_BIT_CONVERSION = YES;
				GCC_WARN_ABOUT_RETURN_TYPE = YES_ERROR;
				GCC_WARN_UNDECLARED_SELECTOR = YES;
				GCC_WARN_UNINITIALIZED_AUTOS = YES_AGGRESSIVE;
				GCC_WARN_UNUSED_FUNCTION = YES;
				GCC_WARN_UNUSED_VARIABLE = YES;
				IPHONEOS_DEPLOYMENT_TARGET = 9.3;
				MTL_ENABLE_DEBUG_INFO = YES;
				ONLY_ACTIVE_ARCH = YES;
				SDKROOT = iphoneos;
				SWIFT_OPTIMIZATION_LEVEL = "-Onone";
			};
			name = Debug;
		};
		06CBFC311CB64D97007FA09D /* Release */ = {
			isa = XCBuildConfiguration;
			buildSettings = {
				ALWAYS_SEARCH_USER_PATHS = NO;
				CLANG_ANALYZER_NONNULL = YES;
				CLANG_CXX_LANGUAGE_STANDARD = "gnu++0x";
				CLANG_CXX_LIBRARY = "libc++";
				CLANG_ENABLE_MODULES = YES;
				CLANG_ENABLE_OBJC_ARC = YES;
				CLANG_WARN_BOOL_CONVERSION = YES;
				CLANG_WARN_CONSTANT_CONVERSION = YES;
				CLANG_WARN_DIRECT_OBJC_ISA_USAGE = YES_ERROR;
				CLANG_WARN_EMPTY_BODY = YES;
				CLANG_WARN_ENUM_CONVERSION = YES;
				CLANG_WARN_INT_CONVERSION = YES;
				CLANG_WARN_OBJC_ROOT_CLASS = YES_ERROR;
				CLANG_WARN_UNREACHABLE_CODE = YES;
				CLANG_WARN__DUPLICATE_METHOD_MATCH = YES;
				"CODE_SIGN_IDENTITY[sdk=iphoneos*]" = "iPhone Developer";
				COPY_PHASE_STRIP = NO;
				DEBUG_INFORMATION_FORMAT = "dwarf-with-dsym";
				ENABLE_NS_ASSERTIONS = NO;
				ENABLE_STRICT_OBJC_MSGSEND = YES;
				GCC_C_LANGUAGE_STANDARD = gnu99;
				GCC_NO_COMMON_BLOCKS = YES;
				GCC_WARN_64_TO_32_BIT_CONVERSION = YES;
				GCC_WARN_ABOUT_RETURN_TYPE = YES_ERROR;
				GCC_WARN_UNDECLARED_SELECTOR = YES;
				GCC_WARN_UNINITIALIZED_AUTOS = YES_AGGRESSIVE;
				GCC_WARN_UNUSED_FUNCTION = YES;
				GCC_WARN_UNUSED_VARIABLE = YES;
				IPHONEOS_DEPLOYMENT_TARGET = 9.3;
				MTL_ENABLE_DEBUG_INFO = NO;
				SDKROOT = iphoneos;
				VALIDATE_PRODUCT = YES;
			};
			name = Release;
		};
		06CBFC331CB64D97007FA09D /* Debug */ = {
			isa = XCBuildConfiguration;
			buildSettings = {
				ASSETCATALOG_COMPILER_APPICON_NAME = AppIcon;
				INFOPLIST_FILE = "Project02-iPhoneFamily/Info.plist";
				LD_RUNPATH_SEARCH_PATHS = "$(inherited) @executable_path/Frameworks";
				PRODUCT_BUNDLE_IDENTIFIER = "tisoga.Project02-iPhoneFamily";
				PRODUCT_NAME = "$(TARGET_NAME)";
			};
			name = Debug;
		};
		06CBFC341CB64D97007FA09D /* Release */ = {
			isa = XCBuildConfiguration;
			buildSettings = {
				ASSETCATALOG_COMPILER_APPICON_NAME = AppIcon;
				INFOPLIST_FILE = "Project02-iPhoneFamily/Info.plist";
				LD_RUNPATH_SEARCH_PATHS = "$(inherited) @executable_path/Frameworks";
				PRODUCT_BUNDLE_IDENTIFIER = "tisoga.Project02-iPhoneFamily";
				PRODUCT_NAME = "$(TARGET_NAME)";
			};
			name = Release;
		};
/* End XCBuildConfiguration section */

/* Begin XCConfigurationList section */
		06CBFC1B1CB64D97007FA09D /* Build configuration list for PBXProject "Project02-iPhoneFamily" */ = {
			isa = XCConfigurationList;
			buildConfigurations = (
				06CBFC301CB64D97007FA09D /* Debug */,
				06CBFC311CB64D97007FA09D /* Release */,
			);
			defaultConfigurationIsVisible = 0;
			defaultConfigurationName = Release;
		};
		06CBFC321CB64D97007FA09D /* Build configuration list for PBXNativeTarget "Project02-iPhoneFamily" */ = {
			isa = XCConfigurationList;
			buildConfigurations = (
				06CBFC331CB64D97007FA09D /* Debug */,
				06CBFC341CB64D97007FA09D /* Release */,
			);
			defaultConfigurationIsVisible = 0;
		};
/* End XCConfigurationList section */
	};
	rootObject = 06CBFC181CB64D97007FA09D /* Project object */;
}
