// !$*UTF8*$!
{
	archiveVersion = 1;
	classes = {
	};
	objectVersion = 46;
	objects = {

/* Begin PBXBuildFile section */
		06357ADE1CB3A0F600C9E382 /* AppDelegate.swift in Sources */ = {isa = PBXBuildFile; fileRef = 06357ADD1CB3A0F600C9E382 /* AppDelegate.swift */; };
		06357AE01CB3A0F600C9E382 /* ViewController.swift in Sources */ = {isa = PBXBuildFile; fileRef = 06357ADF1CB3A0F600C9E382 /* ViewController.swift */; };
		06357AE31CB3A0F600C9E382 /* Main.storyboard in Resources */ = {isa = PBXBuildFile; fileRef = 06357AE11CB3A0F600C9E382 /* Main.storyboard */; };
		06357AE51CB3A0F600C9E382 /* Assets.xcassets in Resources */ = {isa = PBXBuildFile; fileRef = 06357AE41CB3A0F600C9E382 /* Assets.xcassets */; };
		06357AE81CB3A0F600C9E382 /* LaunchScreen.storyboard in Resources */ = {isa = PBXBuildFile; fileRef = 06357AE61CB3A0F600C9E382 /* LaunchScreen.storyboard */; };
/* End PBXBuildFile section */

/* Begin PBXFileReference section */
		06357ADA1CB3A0F600C9E382 /* Ratings.app */ = {isa = PBXFileReference; explicitFileType = wrapper.application; includeInIndex = 0; path = Ratings.app; sourceTree = BUILT_PRODUCTS_DIR; };
		06357ADD1CB3A0F600C9E382 /* AppDelegate.swift */ = {isa = PBXFileReference; lastKnownFileType = sourcecode.swift; path = AppDelegate.swift; sourceTree = "<group>"; };
		06357ADF1CB3A0F600C9E382 /* ViewController.swift */ = {isa = PBXFileReference; lastKnownFileType = sourcecode.swift; path = ViewController.swift; sourceTree = "<group>"; };
		06357AE21CB3A0F600C9E382 /* Base */ = {isa = PBXFileReference; lastKnownFileType = file.storyboard; name = Base; path = Base.lproj/Main.storyboard; sourceTree = "<group>"; };
		06357AE41CB3A0F600C9E382 /* Assets.xcassets */ = {isa = PBXFileReference; lastKnownFileType = folder.assetcatalog; path = Assets.xcassets; sourceTree = "<group>"; };
		06357AE71CB3A0F600C9E382 /* Base */ = {isa = PBXFileReference; lastKnownFileType = file.storyboard; name = Base; path = Base.lproj/LaunchScreen.storyboard; sourceTree = "<group>"; };
		06357AE91CB3A0F600C9E382 /* Info.plist */ = {isa = PBXFileReference; lastKnownFileType = text.plist.xml; path = Info.plist; sourceTree = "<group>"; };
/* End PBXFileReference section */

/* Begin PBXFrameworksBuildPhase section */
		06357AD71CB3A0F600C9E382 /* Frameworks */ = {
			isa = PBXFrameworksBuildPhase;
			buildActionMask = 2147483647;
			files = (
			);
			runOnlyForDeploymentPostprocessing = 0;
		};
/* End PBXFrameworksBuildPhase section */

/* Begin PBXGroup section */
		06357AD11CB3A0F600C9E382 = {
			isa = PBXGroup;
			children = (
				06357ADC1CB3A0F600C9E382 /* Ratings */,
				06357ADB1CB3A0F600C9E382 /* Products */,
			);
			sourceTree = "<group>";
		};
		06357ADB1CB3A0F600C9E382 /* Products */ = {
			isa = PBXGroup;
			children = (
				06357ADA1CB3A0F600C9E382 /* Ratings.app */,
			);
			name = Products;
			sourceTree = "<group>";
		};
		06357ADC1CB3A0F600C9E382 /* Ratings */ = {
			isa = PBXGroup;
			children = (
				06357ADD1CB3A0F600C9E382 /* AppDelegate.swift */,
				06357ADF1CB3A0F600C9E382 /* ViewController.swift */,
				06357AE11CB3A0F600C9E382 /* Main.storyboard */,
				06357AE41CB3A0F600C9E382 /* Assets.xcassets */,
				06357AE61CB3A0F600C9E382 /* LaunchScreen.storyboard */,
				06357AE91CB3A0F600C9E382 /* Info.plist */,
			);
			path = Ratings;
			sourceTree = "<group>";
		};
/* End PBXGroup section */

/* Begin PBXNativeTarget section */
		06357AD91CB3A0F600C9E382 /* Ratings */ = {
			isa = PBXNativeTarget;
			buildConfigurationList = 06357AEC1CB3A0F600C9E382 /* Build configuration list for PBXNativeTarget "Ratings" */;
			buildPhases = (
				06357AD61CB3A0F600C9E382 /* Sources */,
				06357AD71CB3A0F600C9E382 /* Frameworks */,
				06357AD81CB3A0F600C9E382 /* Resources */,
			);
			buildRules = (
			);
			dependencies = (
			);
			name = Ratings;
			productName = Ratings;
			productReference = 06357ADA1CB3A0F600C9E382 /* Ratings.app */;
			productType = "com.apple.product-type.application";
		};
/* End PBXNativeTarget section */

/* Begin PBXProject section */
		06357AD21CB3A0F600C9E382 /* Project object */ = {
			isa = PBXProject;
			attributes = {
				LastSwiftUpdateCheck = 0730;
				LastUpgradeCheck = 0730;
				ORGANIZATIONNAME = Tisoga;
				TargetAttributes = {
					06357AD91CB3A0F600C9E382 = {
						CreatedOnToolsVersion = 7.3;
					};
				};
			};
			buildConfigurationList = 06357AD51CB3A0F600C9E382 /* Build configuration list for PBXProject "Ratings" */;
			compatibilityVersion = "Xcode 3.2";
			developmentRegion = English;
			hasScannedForEncodings = 0;
			knownRegions = (
				en,
				Base,
			);
			mainGroup = 06357AD11CB3A0F600C9E382;
			productRefGroup = 06357ADB1CB3A0F600C9E382 /* Products */;
			projectDirPath = "";
			projectRoot = "";
			targets = (
				06357AD91CB3A0F600C9E382 /* Ratings */,
			);
		};
/* End PBXProject section */

/* Begin PBXResourcesBuildPhase section */
		06357AD81CB3A0F600C9E382 /* Resources */ = {
			isa = PBXResourcesBuildPhase;
			buildActionMask = 2147483647;
			files = (
				06357AE81CB3A0F600C9E382 /* LaunchScreen.storyboard in Resources */,
				06357AE51CB3A0F600C9E382 /* Assets.xcassets in Resources */,
				06357AE31CB3A0F600C9E382 /* Main.storyboard in Resources */,
			);
			runOnlyForDeploymentPostprocessing = 0;
		};
/* End PBXResourcesBuildPhase section */

/* Begin PBXSourcesBuildPhase section */
		06357AD61CB3A0F600C9E382 /* Sources */ = {
			isa = PBXSourcesBuildPhase;
			buildActionMask = 2147483647;
			files = (
				06357AE01CB3A0F600C9E382 /* ViewController.swift in Sources */,
				06357ADE1CB3A0F600C9E382 /* AppDelegate.swift in Sources */,
			);
			runOnlyForDeploymentPostprocessing = 0;
		};
/* End PBXSourcesBuildPhase section */

/* Begin PBXVariantGroup section */
		06357AE11CB3A0F600C9E382 /* Main.storyboard */ = {
			isa = PBXVariantGroup;
			children = (
				06357AE21CB3A0F600C9E382 /* Base */,
			);
			name = Main.storyboard;
			sourceTree = "<group>";
		};
		06357AE61CB3A0F600C9E382 /* LaunchScreen.storyboard */ = {
			isa = PBXVariantGroup;
			children = (
				06357AE71CB3A0F600C9E382 /* Base */,
			);
			name = LaunchScreen.storyboard;
			sourceTree = "<group>";
		};
/* End PBXVariantGroup section */

/* Begin XCBuildConfiguration section */
		06357AEA1CB3A0F600C9E382 /* Debug */ = {
			isa = XCBuildConfiguration;
			buildSettings = {
				ALWAYS_SEARCH_USER_PATHS = NO;
				CLANG_ANALYZER_NONNULL = YES;
				CLANG_CXX_LANGUAGE_STANDARD = "gnu++0x";
				CLANG_CXX_LIBRARY = "libc++";
				CLANG_ENABLE_MODULES = YES;
				CLANG_ENABLE_OBJC_ARC = YES;
				CLANG_WARN_BOOL_CONVERSION = YES;
				CLANG_WARN_CONSTANT_CONVERSION = YES;
				CLANG_WARN_DIRECT_OBJC_ISA_USAGE = YES_ERROR;
				CLANG_WARN_EMPTY_BODY = YES;
				CLANG_WARN_ENUM_CONVERSION = YES;
				CLANG_WARN_INT_CONVERSION = YES;
				CLANG_WARN_OBJC_ROOT_CLASS = YES_ERROR;
				CLANG_WARN_UNREACHABLE_CODE = YES;
				CLANG_WARN__DUPLICATE_METHOD_MATCH = YES;
				"CODE_SIGN_IDENTITY[sdk=iphoneos*]" = "iPhone Developer";
				COPY_PHASE_STRIP = NO;
				DEBUG_INFORMATION_FORMAT = dwarf;
				ENABLE_STRICT_OBJC_MSGSEND = YES;
				ENABLE_TESTABILITY = YES;
				GCC_C_LANGUAGE_STANDARD = gnu99;
				GCC_DYNAMIC_NO_PIC = NO;
				GCC_NO_COMMON_BLOCKS = YES;
				GCC_OPTIMIZATION_LEVEL = 0;
				GCC_PREPROCESSOR_DEFINITIONS = (
					"DEBUG=1",
					"$(inherited)",
				);
				GCC_WARN_64_TO_32_BIT_CONVERSION = YES;
				GCC_WARN_ABOUT_RETURN_TYPE = YES_ERROR;
				GCC_WARN_UNDECLARED_SELECTOR = YES;
				GCC_WARN_UNINITIALIZED_AUTOS = YES_AGGRESSIVE;
				GCC_WARN_UNUSED_FUNCTION = YES;
				GCC_WARN_UNUSED_VARIABLE = YES;
				IPHONEOS_DEPLOYMENT_TARGET = 9.3;
				MTL_ENABLE_DEBUG_INFO = YES;
				ONLY_ACTIVE_ARCH = YES;
				SDKROOT = iphoneos;
				SWIFT_OPTIMIZATION_LEVEL = "-Onone";
			};
			name = Debug;
		};
		06357AEB1CB3A0F600C9E382 /* Release */ = {
			isa = XCBuildConfiguration;
			buildSettings = {
				ALWAYS_SEARCH_USER_PATHS = NO;
				CLANG_ANALYZER_NONNULL = YES;
				CLANG_CXX_LANGUAGE_STANDARD = "gnu++0x";
				CLANG_CXX_LIBRARY = "libc++";
				CLANG_ENABLE_MODULES = YES;
				CLANG_ENABLE_OBJC_ARC = YES;
				CLANG_WARN_BOOL_CONVERSION = YES;
				CLANG_WARN_CONSTANT_CONVERSION = YES;
				CLANG_WARN_DIRECT_OBJC_ISA_USAGE = YES_ERROR;
				CLANG_WARN_EMPTY_BODY = YES;
				CLANG_WARN_ENUM_CONVERSION = YES;
				CLANG_WARN_INT_CONVERSION = YES;
				CLANG_WARN_OBJC_ROOT_CLASS = YES_ERROR;
				CLANG_WARN_UNREACHABLE_CODE = YES;
				CLANG_WARN__DUPLICATE_METHOD_MATCH = YES;
				"CODE_SIGN_IDENTITY[sdk=iphoneos*]" = "iPhone Developer";
				COPY_PHASE_STRIP = NO;
				DEBUG_INFORMATION_FORMAT = "dwarf-with-dsym";
				ENABLE_NS_ASSERTIONS = NO;
				ENABLE_STRICT_OBJC_MSGSEND = YES;
				GCC_C_LANGUAGE_STANDARD = gnu99;
				GCC_NO_COMMON_BLOCKS = YES;
				GCC_WARN_64_TO_32_BIT_CONVERSION = YES;
				GCC_WARN_ABOUT_RETURN_TYPE = YES_ERROR;
				GCC_WARN_UNDECLARED_SELECTOR = YES;
				GCC_WARN_UNINITIALIZED_AUTOS = YES_AGGRESSIVE;
				GCC_WARN_UNUSED_FUNCTION = YES;
				GCC_WARN_UNUSED_VARIABLE = YES;
				IPHONEOS_DEPLOYMENT_TARGET = 9.3;
				MTL_ENABLE_DEBUG_INFO = NO;
				SDKROOT = iphoneos;
				VALIDATE_PRODUCT = YES;
			};
			name = Release;
		};
		06357AED1CB3A0F600C9E382 /* Debug */ = {
			isa = XCBuildConfiguration;
			buildSettings = {
				ASSETCATALOG_COMPILER_APPICON_NAME = AppIcon;
				INFOPLIST_FILE = Ratings/Info.plist;
				LD_RUNPATH_SEARCH_PATHS = "$(inherited) @executable_path/Frameworks";
				PRODUCT_BUNDLE_IDENTIFIER = com.forrestchang.Ratings;
				PRODUCT_NAME = "$(TARGET_NAME)";
			};
			name = Debug;
		};
		06357AEE1CB3A0F600C9E382 /* Release */ = {
			isa = XCBuildConfiguration;
			buildSettings = {
				ASSETCATALOG_COMPILER_APPICON_NAME = AppIcon;
				INFOPLIST_FILE = Ratings/Info.plist;
				LD_RUNPATH_SEARCH_PATHS = "$(inherited) @executable_path/Frameworks";
				PRODUCT_BUNDLE_IDENTIFIER = com.forrestchang.Ratings;
				PRODUCT_NAME = "$(TARGET_NAME)";
			};
			name = Release;
		};
/* End XCBuildConfiguration section */

/* Begin XCConfigurationList section */
		06357AD51CB3A0F600C9E382 /* Build configuration list for PBXProject "Ratings" */ = {
			isa = XCConfigurationList;
			buildConfigurations = (
				06357AEA1CB3A0F600C9E382 /* Debug */,
				06357AEB1CB3A0F600C9E382 /* Release */,
			);
			defaultConfigurationIsVisible = 0;
			defaultConfigurationName = Release;
		};
		06357AEC1CB3A0F600C9E382 /* Build configuration list for PBXNativeTarget "Ratings" */ = {
			isa = XCConfigurationList;
			buildConfigurations = (
				06357AED1CB3A0F600C9E382 /* Debug */,
				06357AEE1CB3A0F600C9E382 /* Release */,
			);
			defaultConfigurationIsVisible = 0;
		};
/* End XCConfigurationList section */
	};
	rootObject = 06357AD21CB3A0F600C9E382 /* Project object */;
}
